// !$*UTF8*$!
{
	archiveVersion = 1;
	classes = {
	};
	objectVersion = 46;
	objects = {

/* Begin PBXBuildFile section */
		D900FC281AD0A70D0003B6C0 /* PlaySoundViewController.swift in Sources */ = {isa = PBXBuildFile; fileRef = D900FC271AD0A70D0003B6C0 /* PlaySoundViewController.swift */; };
		D900FC2A1AD0AEBE0003B6C0 /* movie_quote.mp3 in Resources */ = {isa = PBXBuildFile; fileRef = D900FC291AD0AEBE0003B6C0 /* movie_quote.mp3 */; };
		D900FC301AD1D3290003B6C0 /* RecordedAudio.swift in Sources */ = {isa = PBXBuildFile; fileRef = D900FC2F1AD1D3290003B6C0 /* RecordedAudio.swift */; };
		D9DF5BE51AC28671001B1A4A /* AppDelegate.swift in Sources */ = {isa = PBXBuildFile; fileRef = D9DF5BE41AC28671001B1A4A /* AppDelegate.swift */; };
		D9DF5BE71AC28671001B1A4A /* RecordSoundViewController.swift in Sources */ = {isa = PBXBuildFile; fileRef = D9DF5BE61AC28671001B1A4A /* RecordSoundViewController.swift */; };
		D9DF5BEA1AC28671001B1A4A /* Main.storyboard in Resources */ = {isa = PBXBuildFile; fileRef = D9DF5BE81AC28671001B1A4A /* Main.storyboard */; };
		D9DF5BEC1AC28671001B1A4A /* Images.xcassets in Resources */ = {isa = PBXBuildFile; fileRef = D9DF5BEB1AC28671001B1A4A /* Images.xcassets */; };
		D9DF5BEF1AC28671001B1A4A /* LaunchScreen.xib in Resources */ = {isa = PBXBuildFile; fileRef = D9DF5BED1AC28671001B1A4A /* LaunchScreen.xib */; };
		D9DF5BFB1AC28671001B1A4A /* PitchPerfectAppTests.swift in Sources */ = {isa = PBXBuildFile; fileRef = D9DF5BFA1AC28671001B1A4A /* PitchPerfectAppTests.swift */; };
/* End PBXBuildFile section */

/* Begin PBXContainerItemProxy section */
		D9DF5BF51AC28671001B1A4A /* PBXContainerItemProxy */ = {
			isa = PBXContainerItemProxy;
			containerPortal = D9DF5BD71AC28671001B1A4A /* Project object */;
			proxyType = 1;
			remoteGlobalIDString = D9DF5BDE1AC28671001B1A4A;
			remoteInfo = PitchPerfectApp;
		};
/* End PBXContainerItemProxy section */

/* Begin PBXFileReference section */
		D900FC271AD0A70D0003B6C0 /* PlaySoundViewController.swift */ = {isa = PBXFileReference; fileEncoding = 4; lastKnownFileType = sourcecode.swift; path = PlaySoundViewController.swift; sourceTree = "<group>"; };
		D900FC291AD0AEBE0003B6C0 /* movie_quote.mp3 */ = {isa = PBXFileReference; lastKnownFileType = audio.mp3; path = movie_quote.mp3; sourceTree = "<group>"; };
		D900FC2F1AD1D3290003B6C0 /* RecordedAudio.swift */ = {isa = PBXFileReference; fileEncoding = 4; lastKnownFileType = sourcecode.swift; name = RecordedAudio.swift; path = ../RecordedAudio.swift; sourceTree = "<group>"; };
		D9DF5BDF1AC28671001B1A4A /* PitchPerfectApp.app */ = {isa = PBXFileReference; explicitFileType = wrapper.application; includeInIndex = 0; path = PitchPerfectApp.app; sourceTree = BUILT_PRODUCTS_DIR; };
		D9DF5BE31AC28671001B1A4A /* Info.plist */ = {isa = PBXFileReference; lastKnownFileType = text.plist.xml; path = Info.plist; sourceTree = "<group>"; };
		D9DF5BE41AC28671001B1A4A /* AppDelegate.swift */ = {isa = PBXFileReference; lastKnownFileType = sourcecode.swift; path = AppDelegate.swift; sourceTree = "<group>"; };
		D9DF5BE61AC28671001B1A4A /* RecordSoundViewController.swift */ = {isa = PBXFileReference; lastKnownFileType = sourcecode.swift; path = RecordSoundViewController.swift; sourceTree = "<group>"; };
		D9DF5BE91AC28671001B1A4A /* Base */ = {isa = PBXFileReference; lastKnownFileType = file.storyboard; name = Base; path = Base.lproj/Main.storyboard; sourceTree = "<group>"; };
		D9DF5BEB1AC28671001B1A4A /* Images.xcassets */ = {isa = PBXFileReference; lastKnownFileType = folder.assetcatalog; path = Images.xcassets; sourceTree = "<group>"; };
		D9DF5BEE1AC28671001B1A4A /* Base */ = {isa = PBXFileReference; lastKnownFileType = file.xib; name = Base; path = Base.lproj/LaunchScreen.xib; sourceTree = "<group>"; };
		D9DF5BF41AC28671001B1A4A /* PitchPerfectAppTests.xctest */ = {isa = PBXFileReference; explicitFileType = wrapper.cfbundle; includeInIndex = 0; path = PitchPerfectAppTests.xctest; sourceTree = BUILT_PRODUCTS_DIR; };
		D9DF5BF91AC28671001B1A4A /* Info.plist */ = {isa = PBXFileReference; lastKnownFileType = text.plist.xml; path = Info.plist; sourceTree = "<group>"; };
		D9DF5BFA1AC28671001B1A4A /* PitchPerfectAppTests.swift */ = {isa = PBXFileReference; lastKnownFileType = sourcecode.swift; path = PitchPerfectAppTests.swift; sourceTree = "<group>"; };
/* End PBXFileReference section */

/* Begin PBXFrameworksBuildPhase section */
		D9DF5BDC1AC28671001B1A4A /* Frameworks */ = {
			isa = PBXFrameworksBuildPhase;
			buildActionMask = 2147483647;
			files = (
			);
			runOnlyForDeploymentPostprocessing = 0;
		};
		D9DF5BF11AC28671001B1A4A /* Frameworks */ = {
			isa = PBXFrameworksBuildPhase;
			buildActionMask = 2147483647;
			files = (
			);
			runOnlyForDeploymentPostprocessing = 0;
		};
/* End PBXFrameworksBuildPhase section */

/* Begin PBXGroup section */
		D9DF5BD61AC28671001B1A4A = {
			isa = PBXGroup;
			children = (
				D9DF5BE11AC28671001B1A4A /* PitchPerfectApp */,
				D9DF5BF71AC28671001B1A4A /* PitchPerfectAppTests */,
				D9DF5BE01AC28671001B1A4A /* Products */,
			);
			sourceTree = "<group>";
		};
		D9DF5BE01AC28671001B1A4A /* Products */ = {
			isa = PBXGroup;
			children = (
				D9DF5BDF1AC28671001B1A4A /* PitchPerfectApp.app */,
				D9DF5BF41AC28671001B1A4A /* PitchPerfectAppTests.xctest */,
			);
			name = Products;
			sourceTree = "<group>";
		};
		D9DF5BE11AC28671001B1A4A /* PitchPerfectApp */ = {
			isa = PBXGroup;
			children = (
				D900FC2F1AD1D3290003B6C0 /* RecordedAudio.swift */,
				D9DF5BE41AC28671001B1A4A /* AppDelegate.swift */,
				D9DF5BE61AC28671001B1A4A /* RecordSoundViewController.swift */,
				D9DF5BE81AC28671001B1A4A /* Main.storyboard */,
				D900FC271AD0A70D0003B6C0 /* PlaySoundViewController.swift */,
				D9DF5BEB1AC28671001B1A4A /* Images.xcassets */,
				D9DF5BED1AC28671001B1A4A /* LaunchScreen.xib */,
				D9DF5BE21AC28671001B1A4A /* Supporting Files */,
			);
			path = PitchPerfectApp;
			sourceTree = "<group>";
		};
		D9DF5BE21AC28671001B1A4A /* Supporting Files */ = {
			isa = PBXGroup;
			children = (
				D900FC291AD0AEBE0003B6C0 /* movie_quote.mp3 */,
				D9DF5BE31AC28671001B1A4A /* Info.plist */,
			);
			name = "Supporting Files";
			sourceTree = "<group>";
		};
		D9DF5BF71AC28671001B1A4A /* PitchPerfectAppTests */ = {
			isa = PBXGroup;
			children = (
				D9DF5BFA1AC28671001B1A4A /* PitchPerfectAppTests.swift */,
				D9DF5BF81AC28671001B1A4A /* Supporting Files */,
			);
			path = PitchPerfectAppTests;
			sourceTree = "<group>";
		};
		D9DF5BF81AC28671001B1A4A /* Supporting Files */ = {
			isa = PBXGroup;
			children = (
				D9DF5BF91AC28671001B1A4A /* Info.plist */,
			);
			name = "Supporting Files";
			sourceTree = "<group>";
		};
/* End PBXGroup section */

/* Begin PBXNativeTarget section */
		D9DF5BDE1AC28671001B1A4A /* PitchPerfectApp */ = {
			isa = PBXNativeTarget;
			buildConfigurationList = D9DF5BFE1AC28671001B1A4A /* Build configuration list for PBXNativeTarget "PitchPerfectApp" */;
			buildPhases = (
				D9DF5BDB1AC28671001B1A4A /* Sources */,
				D9DF5BDC1AC28671001B1A4A /* Frameworks */,
				D9DF5BDD1AC28671001B1A4A /* Resources */,
			);
			buildRules = (
			);
			dependencies = (
			);
			name = PitchPerfectApp;
			productName = PitchPerfectApp;
			productReference = D9DF5BDF1AC28671001B1A4A /* PitchPerfectApp.app */;
			productType = "com.apple.product-type.application";
		};
		D9DF5BF31AC28671001B1A4A /* PitchPerfectAppTests */ = {
			isa = PBXNativeTarget;
			buildConfigurationList = D9DF5C011AC28671001B1A4A /* Build configuration list for PBXNativeTarget "PitchPerfectAppTests" */;
			buildPhases = (
				D9DF5BF01AC28671001B1A4A /* Sources */,
				D9DF5BF11AC28671001B1A4A /* Frameworks */,
				D9DF5BF21AC28671001B1A4A /* Resources */,
			);
			buildRules = (
			);
			dependencies = (
				D9DF5BF61AC28671001B1A4A /* PBXTargetDependency */,
			);
			name = PitchPerfectAppTests;
			productName = PitchPerfectAppTests;
			productReference = D9DF5BF41AC28671001B1A4A /* PitchPerfectAppTests.xctest */;
			productType = "com.apple.product-type.bundle.unit-test";
		};
/* End PBXNativeTarget section */

/* Begin PBXProject section */
		D9DF5BD71AC28671001B1A4A /* Project object */ = {
			isa = PBXProject;
			attributes = {
				LastUpgradeCheck = 0620;
				ORGANIZATIONNAME = Stubhub;
				TargetAttributes = {
					D9DF5BDE1AC28671001B1A4A = {
						CreatedOnToolsVersion = 6.2;
					};
					D9DF5BF31AC28671001B1A4A = {
						CreatedOnToolsVersion = 6.2;
						TestTargetID = D9DF5BDE1AC28671001B1A4A;
					};
				};
			};
			buildConfigurationList = D9DF5BDA1AC28671001B1A4A /* Build configuration list for PBXProject "PitchPerfectApp" */;
			compatibilityVersion = "Xcode 3.2";
			developmentRegion = English;
			hasScannedForEncodings = 0;
			knownRegions = (
				en,
				Base,
			);
			mainGroup = D9DF5BD61AC28671001B1A4A;
			productRefGroup = D9DF5BE01AC28671001B1A4A /* Products */;
			projectDirPath = "";
			projectRoot = "";
			targets = (
				D9DF5BDE1AC28671001B1A4A /* PitchPerfectApp */,
				D9DF5BF31AC28671001B1A4A /* PitchPerfectAppTests */,
			);
		};
/* End PBXProject section */

/* Begin PBXResourcesBuildPhase section */
		D9DF5BDD1AC28671001B1A4A /* Resources */ = {
			isa = PBXResourcesBuildPhase;
			buildActionMask = 2147483647;
			files = (
				D9DF5BEA1AC28671001B1A4A /* Main.storyboard in Resources */,
				D9DF5BEF1AC28671001B1A4A /* LaunchScreen.xib in Resources */,
				D900FC2A1AD0AEBE0003B6C0 /* movie_quote.mp3 in Resources */,
				D9DF5BEC1AC28671001B1A4A /* Images.xcassets in Resources */,
			);
			runOnlyForDeploymentPostprocessing = 0;
		};
		D9DF5BF21AC28671001B1A4A /* Resources */ = {
			isa = PBXResourcesBuildPhase;
			buildActionMask = 2147483647;
			files = (
			);
			runOnlyForDeploymentPostprocessing = 0;
		};
/* End PBXResourcesBuildPhase section */

/* Begin PBXSourcesBuildPhase section */
		D9DF5BDB1AC28671001B1A4A /* Sources */ = {
			isa = PBXSourcesBuildPhase;
			buildActionMask = 2147483647;
			files = (
				D900FC301AD1D3290003B6C0 /* RecordedAudio.swift in Sources */,
				D9DF5BE71AC28671001B1A4A /* RecordSoundViewController.swift in Sources */,
				D900FC281AD0A70D0003B6C0 /* PlaySoundViewController.swift in Sources */,
				D9DF5BE51AC28671001B1A4A /* AppDelegate.swift in Sources */,
			);
			runOnlyForDeploymentPostprocessing = 0;
		};
		D9DF5BF01AC28671001B1A4A /* Sources */ = {
			isa = PBXSourcesBuildPhase;
			buildActionMask = 2147483647;
			files = (
				D9DF5BFB1AC28671001B1A4A /* PitchPerfectAppTests.swift in Sources */,
			);
			runOnlyForDeploymentPostprocessing = 0;
		};
/* End PBXSourcesBuildPhase section */

/* Begin PBXTargetDependency section */
		D9DF5BF61AC28671001B1A4A /* PBXTargetDependency */ = {
			isa = PBXTargetDependency;
			target = D9DF5BDE1AC28671001B1A4A /* PitchPerfectApp */;
			targetProxy = D9DF5BF51AC28671001B1A4A /* PBXContainerItemProxy */;
		};
/* End PBXTargetDependency section */

/* Begin PBXVariantGroup section */
		D9DF5BE81AC28671001B1A4A /* Main.storyboard */ = {
			isa = PBXVariantGroup;
			children = (
				D9DF5BE91AC28671001B1A4A /* Base */,
			);
			name = Main.storyboard;
			sourceTree = "<group>";
		};
		D9DF5BED1AC28671001B1A4A /* LaunchScreen.xib */ = {
			isa = PBXVariantGroup;
			children = (
				D9DF5BEE1AC28671001B1A4A /* Base */,
			);
			name = LaunchScreen.xib;
			sourceTree = "<group>";
		};
/* End PBXVariantGroup section */

/* Begin XCBuildConfiguration section */
		D9DF5BFC1AC28671001B1A4A /* Debug */ = {
			isa = XCBuildConfiguration;
			buildSettings = {
				ALWAYS_SEARCH_USER_PATHS = NO;
				CLANG_CXX_LANGUAGE_STANDARD = "gnu++0x";
				CLANG_CXX_LIBRARY = "libc++";
				CLANG_ENABLE_MODULES = YES;
				CLANG_ENABLE_OBJC_ARC = YES;
				CLANG_WARN_BOOL_CONVERSION = YES;
				CLANG_WARN_CONSTANT_CONVERSION = YES;
				CLANG_WARN_DIRECT_OBJC_ISA_USAGE = YES_ERROR;
				CLANG_WARN_EMPTY_BODY = YES;
				CLANG_WARN_ENUM_CONVERSION = YES;
				CLANG_WARN_INT_CONVERSION = YES;
				CLANG_WARN_OBJC_ROOT_CLASS = YES_ERROR;
				CLANG_WARN_UNREACHABLE_CODE = YES;
				CLANG_WARN__DUPLICATE_METHOD_MATCH = YES;
				"CODE_SIGN_IDENTITY[sdk=iphoneos*]" = "iPhone Developer";
				COPY_PHASE_STRIP = NO;
				ENABLE_STRICT_OBJC_MSGSEND = YES;
				GCC_C_LANGUAGE_STANDARD = gnu99;
				GCC_DYNAMIC_NO_PIC = NO;
				GCC_OPTIMIZATION_LEVEL = 0;
				GCC_PREPROCESSOR_DEFINITIONS = (
					"DEBUG=1",
					"$(inherited)",
				);
				GCC_SYMBOLS_PRIVATE_EXTERN = NO;
				GCC_WARN_64_TO_32_BIT_CONVERSION = YES;
				GCC_WARN_ABOUT_RETURN_TYPE = YES_ERROR;
				GCC_WARN_UNDECLARED_SELECTOR = YES;
				GCC_WARN_UNINITIALIZED_AUTOS = YES_AGGRESSIVE;
				GCC_WARN_UNUSED_FUNCTION = YES;
				GCC_WARN_UNUSED_VARIABLE = YES;
				IPHONEOS_DEPLOYMENT_TARGET = 8.2;
				MTL_ENABLE_DEBUG_INFO = YES;
				ONLY_ACTIVE_ARCH = YES;
				SDKROOT = iphoneos;
				SWIFT_OPTIMIZATION_LEVEL = "-Onone";
			};
			name = Debug;
		};
		D9DF5BFD1AC28671001B1A4A /* Release */ = {
			isa = XCBuildConfiguration;
			buildSettings = {
				ALWAYS_SEARCH_USER_PATHS = NO;
				CLANG_CXX_LANGUAGE_STANDARD = "gnu++0x";
				CLANG_CXX_LIBRARY = "libc++";
				CLANG_ENABLE_MODULES = YES;
				CLANG_ENABLE_OBJC_ARC = YES;
				CLANG_WARN_BOOL_CONVERSION = YES;
				CLANG_WARN_CONSTANT_CONVERSION = YES;
				CLANG_WARN_DIRECT_OBJC_ISA_USAGE = YES_ERROR;
				CLANG_WARN_EMPTY_BODY = YES;
				CLANG_WARN_ENUM_CONVERSION = YES;
				CLANG_WARN_INT_CONVERSION = YES;
				CLANG_WARN_OBJC_ROOT_CLASS = YES_ERROR;
				CLANG_WARN_UNREACHABLE_CODE = YES;
				CLANG_WARN__DUPLICATE_METHOD_MATCH = YES;
				"CODE_SIGN_IDENTITY[sdk=iphoneos*]" = "iPhone Developer";
				COPY_PHASE_STRIP = NO;
				ENABLE_NS_ASSERTIONS = NO;
				ENABLE_STRICT_OBJC_MSGSEND = YES;
				GCC_C_LANGUAGE_STANDARD = gnu99;
				GCC_WARN_64_TO_32_BIT_CONVERSION = YES;
				GCC_WARN_ABOUT_RETURN_TYPE = YES_ERROR;
				GCC_WARN_UNDECLARED_SELECTOR = YES;
				GCC_WARN_UNINITIALIZED_AUTOS = YES_AGGRESSIVE;
				GCC_WARN_UNUSED_FUNCTION = YES;
				GCC_WARN_UNUSED_VARIABLE = YES;
				IPHONEOS_DEPLOYMENT_TARGET = 8.2;
				MTL_ENABLE_DEBUG_INFO = NO;
				SDKROOT = iphoneos;
				VALIDATE_PRODUCT = YES;
			};
			name = Release;
		};
		D9DF5BFF1AC28671001B1A4A /* Debug */ = {
			isa = XCBuildConfiguration;
			buildSettings = {
				ASSETCATALOG_COMPILER_APPICON_NAME = AppIcon;
				INFOPLIST_FILE = PitchPerfectApp/Info.plist;
				LD_RUNPATH_SEARCH_PATHS = "$(inherited) @executable_path/Frameworks";
				PRODUCT_NAME = "$(TARGET_NAME)";
			};
			name = Debug;
		};
		D9DF5C001AC28671001B1A4A /* Release */ = {
			isa = XCBuildConfiguration;
			buildSettings = {
				ASSETCATALOG_COMPILER_APPICON_NAME = AppIcon;
				INFOPLIST_FILE = PitchPerfectApp/Info.plist;
				LD_RUNPATH_SEARCH_PATHS = "$(inherited) @executable_path/Frameworks";
				PRODUCT_NAME = "$(TARGET_NAME)";
			};
			name = Release;
		};
		D9DF5C021AC28671001B1A4A /* Debug */ = {
			isa = XCBuildConfiguration;
			buildSettings = {
				BUNDLE_LOADER = "$(TEST_HOST)";
				FRAMEWORK_SEARCH_PATHS = (
					"$(SDKROOT)/Developer/Library/Frameworks",
					"$(inherited)",
				);
				GCC_PREPROCESSOR_DEFINITIONS = (
					"DEBUG=1",
					"$(inherited)",
				);
				INFOPLIST_FILE = PitchPerfectAppTests/Info.plist;
				LD_RUNPATH_SEARCH_PATHS = "$(inherited) @executable_path/Frameworks @loader_path/Frameworks";
				PRODUCT_NAME = "$(TARGET_NAME)";
				TEST_HOST = "$(BUILT_PRODUCTS_DIR)/PitchPerfectApp.app/PitchPerfectApp";
			};
			name = Debug;
		};
		D9DF5C031AC28671001B1A4A /* Release */ = {
			isa = XCBuildConfiguration;
			buildSettings = {
				BUNDLE_LOADER = "$(TEST_HOST)";
				FRAMEWORK_SEARCH_PATHS = (
					"$(SDKROOT)/Developer/Library/Frameworks",
					"$(inherited)",
				);
				INFOPLIST_FILE = PitchPerfectAppTests/Info.plist;
				LD_RUNPATH_SEARCH_PATHS = "$(inherited) @executable_path/Frameworks @loader_path/Frameworks";
				PRODUCT_NAME = "$(TARGET_NAME)";
				TEST_HOST = "$(BUILT_PRODUCTS_DIR)/PitchPerfectApp.app/PitchPerfectApp";
			};
			name = Release;
		};
/* End XCBuildConfiguration section */

/* Begin XCConfigurationList section */
		D9DF5BDA1AC28671001B1A4A /* Build configuration list for PBXProject "PitchPerfectApp" */ = {
			isa = XCConfigurationList;
			buildConfigurations = (
				D9DF5BFC1AC28671001B1A4A /* Debug */,
				D9DF5BFD1AC28671001B1A4A /* Release */,
			);
			defaultConfigurationIsVisible = 0;
			defaultConfigurationName = Release;
		};
		D9DF5BFE1AC28671001B1A4A /* Build configuration list for PBXNativeTarget "PitchPerfectApp" */ = {
			isa = XCConfigurationList;
			buildConfigurations = (
				D9DF5BFF1AC28671001B1A4A /* Debug */,
				D9DF5C001AC28671001B1A4A /* Release */,
			);
			defaultConfigurationIsVisible = 0;
			defaultConfigurationName = Release;
		};
		D9DF5C011AC28671001B1A4A /* Build configuration list for PBXNativeTarget "PitchPerfectAppTests" */ = {
			isa = XCConfigurationList;
			buildConfigurations = (
				D9DF5C021AC28671001B1A4A /* Debug */,
				D9DF5C031AC28671001B1A4A /* Release */,
			);
			defaultConfigurationIsVisible = 0;
			defaultConfigurationName = Release;
		};
/* End XCConfigurationList section */
	};
	rootObject = D9DF5BD71AC28671001B1A4A /* Project object */;
}
